
Microsoft Visual Studio Solution File, Format Version 12.00
# Visual Studio Version 17
VisualStudioVersion = 17.1.32228.430
MinimumVisualStudioVersion = 10.0.40219.1
Project("{2150E333-8FDC-42A3-9474-1A3956D46DE8}") = "Src", "Src", "{B01AE891-52D5-461E-88B4-806B10BE8F7E}"
EndProject
Project("{9A19103F-16F7-4668-BE54-9A1E7A4F7556}") = "TelegramUpdater.Menu", "Src\TelegramUpdater.Menu\TelegramUpdater.Menu.csproj", "{BF344EB5-F33F-4E8D-8ECC-9F787693A8B4}"
EndProject
Project("{9A19103F-16F7-4668-BE54-9A1E7A4F7556}") = "Tests", "Tests\Tests.csproj", "{B9F4F571-1450-4E18-9EBA-B938CAC2DE5D}"
EndProject
Project("{9A19103F-16F7-4668-BE54-9A1E7A4F7556}") = "MenuBotExample", "Src\MenuBotExample\MenuBotExample.csproj", "{0595F636-2276-44C5-8538-BC922500E73E}"
EndProject
Project("{2150E333-8FDC-42A3-9474-1A3956D46DE8}") = "Solution Items", "Solution Items", "{C28592C3-4ADD-41D3-9103-F8E6E0238FE3}"
	ProjectSection(SolutionItems) = preProject
		.gitignore = .gitignore
		LICENSE = LICENSE
		README.md = README.md
	EndProjectSection
EndProject
Project("{2150E333-8FDC-42A3-9474-1A3956D46DE8}") = "Examples", "Examples", "{65951FCA-2954-43FA-A797-0BA494C86B5B}"
EndProject
Project("{FAE04EC0-301F-11D3-BF4B-00C04F79EFBC}") = "SimpleExample", "Examples\SimpleExample\SimpleExample.csproj", "{92AE763A-CA06-427F-9FB6-585F8B02372B}"
EndProject
Global
	GlobalSection(SolutionConfigurationPlatforms) = preSolution
		Debug|Any CPU = Debug|Any CPU
		Release|Any CPU = Release|Any CPU
	EndGlobalSection
	GlobalSection(ProjectConfigurationPlatforms) = postSolution
		{BF344EB5-F33F-4E8D-8ECC-9F787693A8B4}.Debug|Any CPU.ActiveCfg = Debug|Any CPU
		{BF344EB5-F33F-4E8D-8ECC-9F787693A8B4}.Debug|Any CPU.Build.0 = Debug|Any CPU
		{BF344EB5-F33F-4E8D-8ECC-9F787693A8B4}.Release|Any CPU.ActiveCfg = Release|Any CPU
		{BF344EB5-F33F-4E8D-8ECC-9F787693A8B4}.Release|Any CPU.Build.0 = Release|Any CPU
		{B9F4F571-1450-4E18-9EBA-B938CAC2DE5D}.Debug|Any CPU.ActiveCfg = Debug|Any CPU
		{B9F4F571-1450-4E18-9EBA-B938CAC2DE5D}.Debug|Any CPU.Build.0 = Debug|Any CPU
		{B9F4F571-1450-4E18-9EBA-B938CAC2DE5D}.Release|Any CPU.ActiveCfg = Release|Any CPU
		{B9F4F571-1450-4E18-9EBA-B938CAC2DE5D}.Release|Any CPU.Build.0 = Release|Any CPU
		{0595F636-2276-44C5-8538-BC922500E73E}.Debug|Any CPU.ActiveCfg = Debug|Any CPU
		{0595F636-2276-44C5-8538-BC922500E73E}.Debug|Any CPU.Build.0 = Debug|Any CPU
		{0595F636-2276-44C5-8538-BC922500E73E}.Release|Any CPU.ActiveCfg = Release|Any CPU
		{0595F636-2276-44C5-8538-BC922500E73E}.Release|Any CPU.Build.0 = Release|Any CPU
		{92AE763A-CA06-427F-9FB6-585F8B02372B}.Debug|Any CPU.ActiveCfg = Debug|Any CPU
		{92AE763A-CA06-427F-9FB6-585F8B02372B}.Debug|Any CPU.Build.0 = Debug|Any CPU
		{92AE763A-CA06-427F-9FB6-585F8B02372B}.Release|Any CPU.ActiveCfg = Release|Any CPU
		{92AE763A-CA06-427F-9FB6-585F8B02372B}.Release|Any CPU.Build.0 = Release|Any CPU
	EndGlobalSection
	GlobalSection(SolutionProperties) = preSolution
		HideSolutionNode = FALSE
	EndGlobalSection
	GlobalSection(NestedProjects) = preSolution
		{BF344EB5-F33F-4E8D-8ECC-9F787693A8B4} = {B01AE891-52D5-461E-88B4-806B10BE8F7E}
		{0595F636-2276-44C5-8538-BC922500E73E} = {B01AE891-52D5-461E-88B4-806B10BE8F7E}
		{92AE763A-CA06-427F-9FB6-585F8B02372B} = {65951FCA-2954-43FA-A797-0BA494C86B5B}
	EndGlobalSection
	GlobalSection(ExtensibilityGlobals) = postSolution
		SolutionGuid = {86D3DA6C-24EA-4FFB-B528-FDFE552B9905}
	EndGlobalSection
EndGlobal
